// !$*UTF8*$!
{
	archiveVersion = 1;
	classes = {
	};
	objectVersion = 56;
	objects = {

/* Begin PBXBuildFile section */
		16A8B74FD25C95CFC714BE3C /* Pods_FoodOderring_FinalProject.framework in Frameworks */ = {isa = PBXBuildFile; fileRef = 74ABA3367234AB26D1EA566B /* Pods_FoodOderring_FinalProject.framework */; };
		8D7A6C662CAB00A10078753A /* FoodOderring_FinalProjectApp.swift in Sources */ = {isa = PBXBuildFile; fileRef = 8D7A6C652CAB00A10078753A /* FoodOderring_FinalProjectApp.swift */; };
		8D7A6C6A2CAB00A40078753A /* Assets.xcassets in Resources */ = {isa = PBXBuildFile; fileRef = 8D7A6C692CAB00A40078753A /* Assets.xcassets */; };
		8D7A6C6D2CAB00A40078753A /* Preview Assets.xcassets in Resources */ = {isa = PBXBuildFile; fileRef = 8D7A6C6C2CAB00A40078753A /* Preview Assets.xcassets */; };
		8D7A6C772CAB00A40078753A /* FoodOderring_FinalProjectTests.swift in Sources */ = {isa = PBXBuildFile; fileRef = 8D7A6C762CAB00A40078753A /* FoodOderring_FinalProjectTests.swift */; };
		8D7A6C812CAB00A40078753A /* FoodOderring_FinalProjectUITests.swift in Sources */ = {isa = PBXBuildFile; fileRef = 8D7A6C802CAB00A40078753A /* FoodOderring_FinalProjectUITests.swift */; };
		8D7A6C832CAB00A40078753A /* FoodOderring_FinalProjectUITestsLaunchTests.swift in Sources */ = {isa = PBXBuildFile; fileRef = 8D7A6C822CAB00A40078753A /* FoodOderring_FinalProjectUITestsLaunchTests.swift */; };
		8D7A6C932CAB0AA10078753A /* WelcomeView.swift in Sources */ = {isa = PBXBuildFile; fileRef = 8D7A6C922CAB0AA10078753A /* WelcomeView.swift */; };
		8D7A6C952CABDF2C0078753A /* UIScreen + Utilities.swift in Sources */ = {isa = PBXBuildFile; fileRef = 8D7A6C942CABDF2C0078753A /* UIScreen + Utilities.swift */; };
		8D7A6C972CABE01E0078753A /* Color + Utilities.swift in Sources */ = {isa = PBXBuildFile; fileRef = 8D7A6C962CABE01E0078753A /* Color + Utilities.swift */; };
		8D7A6C992CABE22A0078753A /* WelcomeSlider.swift in Sources */ = {isa = PBXBuildFile; fileRef = 8D7A6C982CABE22A0078753A /* WelcomeSlider.swift */; };
		8D7A6C9C2CABE7E90078753A /* WelcomeShape.swift in Sources */ = {isa = PBXBuildFile; fileRef = 8D7A6C9B2CABE7E90078753A /* WelcomeShape.swift */; };
		8D7A6CA02CABFA1C0078753A /* Login.swift in Sources */ = {isa = PBXBuildFile; fileRef = 8D7A6C9F2CABFA1C0078753A /* Login.swift */; };
		8D7A6CA22CAC4F3C0078753A /* SignUp.swift in Sources */ = {isa = PBXBuildFile; fileRef = 8D7A6CA12CAC4F3C0078753A /* SignUp.swift */; };
		8D7A6CAA2CB047E00078753A /* GoogleService-Info.plist in Resources */ = {isa = PBXBuildFile; fileRef = 8D7A6CA92CB047E00078753A /* GoogleService-Info.plist */; };
		8D7A6CAC2CB277930078753A /* Home.swift in Sources */ = {isa = PBXBuildFile; fileRef = 8D7A6CAB2CB277930078753A /* Home.swift */; };
		8D7A6CB22CB6D2F70078753A /* HomeViewModel.swift in Sources */ = {isa = PBXBuildFile; fileRef = 8D7A6CB12CB6D2F70078753A /* HomeViewModel.swift */; };
		8D81C1932CDCBAD200265CDC /* TrackingScreen.swift in Sources */ = {isa = PBXBuildFile; fileRef = 8D81C1922CDCBAD200265CDC /* TrackingScreen.swift */; };
		8D81C1972CE09BCB00265CDC /* ShipperLocation.swift in Sources */ = {isa = PBXBuildFile; fileRef = 8D81C1962CE09BCB00265CDC /* ShipperLocation.swift */; };
		8D9D83E62CB8268000360DF6 /* ErrView.swift in Sources */ = {isa = PBXBuildFile; fileRef = 8D9D83E52CB8267F00360DF6 /* ErrView.swift */; };
		8D9D83E82CB901BE00360DF6 /* Menu.swift in Sources */ = {isa = PBXBuildFile; fileRef = 8D9D83E72CB901BE00360DF6 /* Menu.swift */; };
		8D9D83EA2CBA6E3C00360DF6 /* Item.swift in Sources */ = {isa = PBXBuildFile; fileRef = 8D9D83E92CBA6E3C00360DF6 /* Item.swift */; };
		8D9D83EC2CBA763700360DF6 /* ItemView.swift in Sources */ = {isa = PBXBuildFile; fileRef = 8D9D83EB2CBA763700360DF6 /* ItemView.swift */; };
		8D9D83EF2CBB7AAF00360DF6 /* SDWebImageSwiftUI in Frameworks */ = {isa = PBXBuildFile; productRef = 8D9D83EE2CBB7AAF00360DF6 /* SDWebImageSwiftUI */; };
		8D9D83F12CBB8FBC00360DF6 /* Cart.swift in Sources */ = {isa = PBXBuildFile; fileRef = 8D9D83F02CBB8FBC00360DF6 /* Cart.swift */; };
		8D9D83F32CBB949000360DF6 /* CartView.swift in Sources */ = {isa = PBXBuildFile; fileRef = 8D9D83F22CBB949000360DF6 /* CartView.swift */; };
		8D9D84112CBBBFBB00360DF6 /* ContentView.swift in Sources */ = {isa = PBXBuildFile; fileRef = 8D9D84102CBBBFBB00360DF6 /* ContentView.swift */; };
		A341FE2AA88D32BE269E41FD /* Pods_FoodOderring_FinalProjectTests.framework in Frameworks */ = {isa = PBXBuildFile; fileRef = 77D712F98C48577D279193D1 /* Pods_FoodOderring_FinalProjectTests.framework */; };
		AA664EF2DCBE5272E838E7E0 /* Pods_FoodOderring_FinalProject_FoodOderring_FinalProjectUITests.framework in Frameworks */ = {isa = PBXBuildFile; fileRef = A05F831292B685923B37147E /* Pods_FoodOderring_FinalProject_FoodOderring_FinalProjectUITests.framework */; };
/* End PBXBuildFile section */

/* Begin PBXContainerItemProxy section */
		8D7A6C732CAB00A40078753A /* PBXContainerItemProxy */ = {
			isa = PBXContainerItemProxy;
			containerPortal = 8D7A6C5A2CAB00A10078753A /* Project object */;
			proxyType = 1;
			remoteGlobalIDString = 8D7A6C612CAB00A10078753A;
			remoteInfo = FoodOderring_FinalProject;
		};
		8D7A6C7D2CAB00A40078753A /* PBXContainerItemProxy */ = {
			isa = PBXContainerItemProxy;
			containerPortal = 8D7A6C5A2CAB00A10078753A /* Project object */;
			proxyType = 1;
			remoteGlobalIDString = 8D7A6C612CAB00A10078753A;
			remoteInfo = FoodOderring_FinalProject;
		};
/* End PBXContainerItemProxy section */

/* Begin PBXFileReference section */
		096D7DD4933F3111567D6E35 /* Pods-FoodOderring_FinalProjectTests.release.xcconfig */ = {isa = PBXFileReference; includeInIndex = 1; lastKnownFileType = text.xcconfig; name = "Pods-FoodOderring_FinalProjectTests.release.xcconfig"; path = "Target Support Files/Pods-FoodOderring_FinalProjectTests/Pods-FoodOderring_FinalProjectTests.release.xcconfig"; sourceTree = "<group>"; };
		0A28761A6A5BE09B8D9A46A2 /* Pods-FoodOderring_FinalProject-FoodOderring_FinalProjectUITests.debug.xcconfig */ = {isa = PBXFileReference; includeInIndex = 1; lastKnownFileType = text.xcconfig; name = "Pods-FoodOderring_FinalProject-FoodOderring_FinalProjectUITests.debug.xcconfig"; path = "Target Support Files/Pods-FoodOderring_FinalProject-FoodOderring_FinalProjectUITests/Pods-FoodOderring_FinalProject-FoodOderring_FinalProjectUITests.debug.xcconfig"; sourceTree = "<group>"; };
		36BC029A88A5D8E4398D947D /* Pods-FoodOderring_FinalProject.debug.xcconfig */ = {isa = PBXFileReference; includeInIndex = 1; lastKnownFileType = text.xcconfig; name = "Pods-FoodOderring_FinalProject.debug.xcconfig"; path = "Target Support Files/Pods-FoodOderring_FinalProject/Pods-FoodOderring_FinalProject.debug.xcconfig"; sourceTree = "<group>"; };
		7362064B398DC5C54AA30F13 /* Pods-FoodOderring_FinalProject-FoodOderring_FinalProjectUITests.release.xcconfig */ = {isa = PBXFileReference; includeInIndex = 1; lastKnownFileType = text.xcconfig; name = "Pods-FoodOderring_FinalProject-FoodOderring_FinalProjectUITests.release.xcconfig"; path = "Target Support Files/Pods-FoodOderring_FinalProject-FoodOderring_FinalProjectUITests/Pods-FoodOderring_FinalProject-FoodOderring_FinalProjectUITests.release.xcconfig"; sourceTree = "<group>"; };
		74ABA3367234AB26D1EA566B /* Pods_FoodOderring_FinalProject.framework */ = {isa = PBXFileReference; explicitFileType = wrapper.framework; includeInIndex = 0; path = Pods_FoodOderring_FinalProject.framework; sourceTree = BUILT_PRODUCTS_DIR; };
		77D712F98C48577D279193D1 /* Pods_FoodOderring_FinalProjectTests.framework */ = {isa = PBXFileReference; explicitFileType = wrapper.framework; includeInIndex = 0; path = Pods_FoodOderring_FinalProjectTests.framework; sourceTree = BUILT_PRODUCTS_DIR; };
		8D7A6C622CAB00A10078753A /* FoodOderring_FinalProject.app */ = {isa = PBXFileReference; explicitFileType = wrapper.application; includeInIndex = 0; path = FoodOderring_FinalProject.app; sourceTree = BUILT_PRODUCTS_DIR; };
		8D7A6C652CAB00A10078753A /* FoodOderring_FinalProjectApp.swift */ = {isa = PBXFileReference; lastKnownFileType = sourcecode.swift; path = FoodOderring_FinalProjectApp.swift; sourceTree = "<group>"; };
		8D7A6C692CAB00A40078753A /* Assets.xcassets */ = {isa = PBXFileReference; lastKnownFileType = folder.assetcatalog; path = Assets.xcassets; sourceTree = "<group>"; };
		8D7A6C6C2CAB00A40078753A /* Preview Assets.xcassets */ = {isa = PBXFileReference; lastKnownFileType = folder.assetcatalog; path = "Preview Assets.xcassets"; sourceTree = "<group>"; };
		8D7A6C722CAB00A40078753A /* FoodOderring_FinalProjectTests.xctest */ = {isa = PBXFileReference; explicitFileType = wrapper.cfbundle; includeInIndex = 0; path = FoodOderring_FinalProjectTests.xctest; sourceTree = BUILT_PRODUCTS_DIR; };
		8D7A6C762CAB00A40078753A /* FoodOderring_FinalProjectTests.swift */ = {isa = PBXFileReference; lastKnownFileType = sourcecode.swift; path = FoodOderring_FinalProjectTests.swift; sourceTree = "<group>"; };
		8D7A6C7C2CAB00A40078753A /* FoodOderring_FinalProjectUITests.xctest */ = {isa = PBXFileReference; explicitFileType = wrapper.cfbundle; includeInIndex = 0; path = FoodOderring_FinalProjectUITests.xctest; sourceTree = BUILT_PRODUCTS_DIR; };
		8D7A6C802CAB00A40078753A /* FoodOderring_FinalProjectUITests.swift */ = {isa = PBXFileReference; lastKnownFileType = sourcecode.swift; path = FoodOderring_FinalProjectUITests.swift; sourceTree = "<group>"; };
		8D7A6C822CAB00A40078753A /* FoodOderring_FinalProjectUITestsLaunchTests.swift */ = {isa = PBXFileReference; lastKnownFileType = sourcecode.swift; path = FoodOderring_FinalProjectUITestsLaunchTests.swift; sourceTree = "<group>"; };
		8D7A6C922CAB0AA10078753A /* WelcomeView.swift */ = {isa = PBXFileReference; lastKnownFileType = sourcecode.swift; path = WelcomeView.swift; sourceTree = "<group>"; };
		8D7A6C942CABDF2C0078753A /* UIScreen + Utilities.swift */ = {isa = PBXFileReference; lastKnownFileType = sourcecode.swift; path = "UIScreen + Utilities.swift"; sourceTree = "<group>"; };
		8D7A6C962CABE01E0078753A /* Color + Utilities.swift */ = {isa = PBXFileReference; lastKnownFileType = sourcecode.swift; path = "Color + Utilities.swift"; sourceTree = "<group>"; };
		8D7A6C982CABE22A0078753A /* WelcomeSlider.swift */ = {isa = PBXFileReference; lastKnownFileType = sourcecode.swift; path = WelcomeSlider.swift; sourceTree = "<group>"; };
		8D7A6C9B2CABE7E90078753A /* WelcomeShape.swift */ = {isa = PBXFileReference; lastKnownFileType = sourcecode.swift; path = WelcomeShape.swift; sourceTree = "<group>"; };
		8D7A6C9F2CABFA1C0078753A /* Login.swift */ = {isa = PBXFileReference; lastKnownFileType = sourcecode.swift; path = Login.swift; sourceTree = "<group>"; };
		8D7A6CA12CAC4F3C0078753A /* SignUp.swift */ = {isa = PBXFileReference; lastKnownFileType = sourcecode.swift; path = SignUp.swift; sourceTree = "<group>"; };
		8D7A6CA92CB047E00078753A /* GoogleService-Info.plist */ = {isa = PBXFileReference; fileEncoding = 4; lastKnownFileType = text.plist.xml; path = "GoogleService-Info.plist"; sourceTree = "<group>"; };
		8D7A6CAB2CB277930078753A /* Home.swift */ = {isa = PBXFileReference; lastKnownFileType = sourcecode.swift; path = Home.swift; sourceTree = "<group>"; };
		8D7A6CB12CB6D2F70078753A /* HomeViewModel.swift */ = {isa = PBXFileReference; lastKnownFileType = sourcecode.swift; path = HomeViewModel.swift; sourceTree = "<group>"; };
		8D7A6CB32CB7CE660078753A /* FoodOderring-FinalProject-Info.plist */ = {isa = PBXFileReference; lastKnownFileType = text.plist; path = "FoodOderring-FinalProject-Info.plist"; sourceTree = SOURCE_ROOT; };
		8D81C1922CDCBAD200265CDC /* TrackingScreen.swift */ = {isa = PBXFileReference; lastKnownFileType = sourcecode.swift; path = TrackingScreen.swift; sourceTree = "<group>"; };
		8D81C1962CE09BCB00265CDC /* ShipperLocation.swift */ = {isa = PBXFileReference; lastKnownFileType = sourcecode.swift; path = ShipperLocation.swift; sourceTree = "<group>"; };
		8D9D83E52CB8267F00360DF6 /* ErrView.swift */ = {isa = PBXFileReference; lastKnownFileType = sourcecode.swift; path = ErrView.swift; sourceTree = "<group>"; };
		8D9D83E72CB901BE00360DF6 /* Menu.swift */ = {isa = PBXFileReference; lastKnownFileType = sourcecode.swift; path = Menu.swift; sourceTree = "<group>"; };
		8D9D83E92CBA6E3C00360DF6 /* Item.swift */ = {isa = PBXFileReference; lastKnownFileType = sourcecode.swift; path = Item.swift; sourceTree = "<group>"; };
		8D9D83EB2CBA763700360DF6 /* ItemView.swift */ = {isa = PBXFileReference; lastKnownFileType = sourcecode.swift; path = ItemView.swift; sourceTree = "<group>"; };
		8D9D83F02CBB8FBC00360DF6 /* Cart.swift */ = {isa = PBXFileReference; lastKnownFileType = sourcecode.swift; path = Cart.swift; sourceTree = "<group>"; };
		8D9D83F22CBB949000360DF6 /* CartView.swift */ = {isa = PBXFileReference; lastKnownFileType = sourcecode.swift; path = CartView.swift; sourceTree = "<group>"; };
		8D9D84102CBBBFBB00360DF6 /* ContentView.swift */ = {isa = PBXFileReference; lastKnownFileType = sourcecode.swift; path = ContentView.swift; sourceTree = "<group>"; };
		A05F831292B685923B37147E /* Pods_FoodOderring_FinalProject_FoodOderring_FinalProjectUITests.framework */ = {isa = PBXFileReference; explicitFileType = wrapper.framework; includeInIndex = 0; path = Pods_FoodOderring_FinalProject_FoodOderring_FinalProjectUITests.framework; sourceTree = BUILT_PRODUCTS_DIR; };
		CAE42FCF33E390B54B77FCB9 /* Pods-FoodOderring_FinalProject.release.xcconfig */ = {isa = PBXFileReference; includeInIndex = 1; lastKnownFileType = text.xcconfig; name = "Pods-FoodOderring_FinalProject.release.xcconfig"; path = "Target Support Files/Pods-FoodOderring_FinalProject/Pods-FoodOderring_FinalProject.release.xcconfig"; sourceTree = "<group>"; };
		FB43B7C3E0A91C7C3C956C7B /* Pods-FoodOderring_FinalProjectTests.debug.xcconfig */ = {isa = PBXFileReference; includeInIndex = 1; lastKnownFileType = text.xcconfig; name = "Pods-FoodOderring_FinalProjectTests.debug.xcconfig"; path = "Target Support Files/Pods-FoodOderring_FinalProjectTests/Pods-FoodOderring_FinalProjectTests.debug.xcconfig"; sourceTree = "<group>"; };
/* End PBXFileReference section */

/* Begin PBXFrameworksBuildPhase section */
		8D7A6C5F2CAB00A10078753A /* Frameworks */ = {
			isa = PBXFrameworksBuildPhase;
			buildActionMask = 2147483647;
			files = (
				8D9D83EF2CBB7AAF00360DF6 /* SDWebImageSwiftUI in Frameworks */,
				16A8B74FD25C95CFC714BE3C /* Pods_FoodOderring_FinalProject.framework in Frameworks */,
			);
			runOnlyForDeploymentPostprocessing = 0;
		};
		8D7A6C6F2CAB00A40078753A /* Frameworks */ = {
			isa = PBXFrameworksBuildPhase;
			buildActionMask = 2147483647;
			files = (
				A341FE2AA88D32BE269E41FD /* Pods_FoodOderring_FinalProjectTests.framework in Frameworks */,
			);
			runOnlyForDeploymentPostprocessing = 0;
		};
		8D7A6C792CAB00A40078753A /* Frameworks */ = {
			isa = PBXFrameworksBuildPhase;
			buildActionMask = 2147483647;
			files = (
				AA664EF2DCBE5272E838E7E0 /* Pods_FoodOderring_FinalProject_FoodOderring_FinalProjectUITests.framework in Frameworks */,
			);
			runOnlyForDeploymentPostprocessing = 0;
		};
/* End PBXFrameworksBuildPhase section */

/* Begin PBXGroup section */
		2A84C6D9BF21F2BE5A3233A1 /* Frameworks */ = {
			isa = PBXGroup;
			children = (
				74ABA3367234AB26D1EA566B /* Pods_FoodOderring_FinalProject.framework */,
				A05F831292B685923B37147E /* Pods_FoodOderring_FinalProject_FoodOderring_FinalProjectUITests.framework */,
				77D712F98C48577D279193D1 /* Pods_FoodOderring_FinalProjectTests.framework */,
			);
			name = Frameworks;
			sourceTree = "<group>";
		};
		8D7A6C592CAB00A10078753A = {
			isa = PBXGroup;
			children = (
				8D7A6C642CAB00A10078753A /* FoodOderring_FinalProject */,
				8D7A6C752CAB00A40078753A /* FoodOderring_FinalProjectTests */,
				8D7A6C7F2CAB00A40078753A /* FoodOderring_FinalProjectUITests */,
				8D7A6C632CAB00A10078753A /* Products */,
				FC66D5A705A796EA5030E212 /* Pods */,
				2A84C6D9BF21F2BE5A3233A1 /* Frameworks */,
			);
			sourceTree = "<group>";
		};
		8D7A6C632CAB00A10078753A /* Products */ = {
			isa = PBXGroup;
			children = (
				8D7A6C622CAB00A10078753A /* FoodOderring_FinalProject.app */,
				8D7A6C722CAB00A40078753A /* FoodOderring_FinalProjectTests.xctest */,
				8D7A6C7C2CAB00A40078753A /* FoodOderring_FinalProjectUITests.xctest */,
			);
			name = Products;
			sourceTree = "<group>";
		};
		8D7A6C642CAB00A10078753A /* FoodOderring_FinalProject */ = {
			isa = PBXGroup;
			children = (
				8D7A6CB32CB7CE660078753A /* FoodOderring-FinalProject-Info.plist */,
				8D7A6CB02CB6D25A0078753A /* VIewModel */,
				8D7A6C9A2CABE7CC0078753A /* Shapes */,
				8D7A6C912CAB0A770078753A /* Extension */,
				8D7A6C902CAB0A710078753A /* Models */,
				8D7A6C8F2CAB0A510078753A /* VIews */,
				8D7A6C652CAB00A10078753A /* FoodOderring_FinalProjectApp.swift */,
				8D7A6C692CAB00A40078753A /* Assets.xcassets */,
				8D7A6CA92CB047E00078753A /* GoogleService-Info.plist */,
				8D7A6C6B2CAB00A40078753A /* Preview Content */,
				8D9D84102CBBBFBB00360DF6 /* ContentView.swift */,
			);
			path = FoodOderring_FinalProject;
			sourceTree = "<group>";
		};
		8D7A6C6B2CAB00A40078753A /* Preview Content */ = {
			isa = PBXGroup;
			children = (
				8D7A6C6C2CAB00A40078753A /* Preview Assets.xcassets */,
			);
			path = "Preview Content";
			sourceTree = "<group>";
		};
		8D7A6C752CAB00A40078753A /* FoodOderring_FinalProjectTests */ = {
			isa = PBXGroup;
			children = (
				8D7A6C762CAB00A40078753A /* FoodOderring_FinalProjectTests.swift */,
			);
			path = FoodOderring_FinalProjectTests;
			sourceTree = "<group>";
		};
		8D7A6C7F2CAB00A40078753A /* FoodOderring_FinalProjectUITests */ = {
			isa = PBXGroup;
			children = (
				8D7A6C802CAB00A40078753A /* FoodOderring_FinalProjectUITests.swift */,
				8D7A6C822CAB00A40078753A /* FoodOderring_FinalProjectUITestsLaunchTests.swift */,
			);
			path = FoodOderring_FinalProjectUITests;
			sourceTree = "<group>";
		};
		8D7A6C8F2CAB0A510078753A /* VIews */ = {
			isa = PBXGroup;
			children = (
				8D7A6C922CAB0AA10078753A /* WelcomeView.swift */,
				8D7A6CAD2CB2779E0078753A /* HomeScreen */,
				8D7A6C9D2CABF9C70078753A /* Login and Register */,
				8D9D83E52CB8267F00360DF6 /* ErrView.swift */,
				8D81C1922CDCBAD200265CDC /* TrackingScreen.swift */,
			);
			path = VIews;
			sourceTree = "<group>";
		};
		8D7A6C902CAB0A710078753A /* Models */ = {
			isa = PBXGroup;
			children = (
				8D7A6C982CABE22A0078753A /* WelcomeSlider.swift */,
				8D9D83E92CBA6E3C00360DF6 /* Item.swift */,
				8D9D83F02CBB8FBC00360DF6 /* Cart.swift */,
				8D81C1962CE09BCB00265CDC /* ShipperLocation.swift */,
			);
			path = Models;
			sourceTree = "<group>";
		};
		8D7A6C912CAB0A770078753A /* Extension */ = {
			isa = PBXGroup;
			children = (
				8D7A6C942CABDF2C0078753A /* UIScreen + Utilities.swift */,
				8D7A6C962CABE01E0078753A /* Color + Utilities.swift */,
			);
			path = Extension;
			sourceTree = "<group>";
		};
		8D7A6C9A2CABE7CC0078753A /* Shapes */ = {
			isa = PBXGroup;
			children = (
				8D7A6C9B2CABE7E90078753A /* WelcomeShape.swift */,
			);
			path = Shapes;
			sourceTree = "<group>";
		};
		8D7A6C9D2CABF9C70078753A /* Login and Register */ = {
			isa = PBXGroup;
			children = (
				8D7A6C9F2CABFA1C0078753A /* Login.swift */,
				8D7A6CA12CAC4F3C0078753A /* SignUp.swift */,
			);
			path = "Login and Register";
			sourceTree = "<group>";
		};
		8D7A6CAD2CB2779E0078753A /* HomeScreen */ = {
			isa = PBXGroup;
			children = (
				8D7A6CAB2CB277930078753A /* Home.swift */,
				8D9D83E72CB901BE00360DF6 /* Menu.swift */,
				8D9D83EB2CBA763700360DF6 /* ItemView.swift */,
				8D9D83F22CBB949000360DF6 /* CartView.swift */,
			);
			path = HomeScreen;
			sourceTree = "<group>";
		};
		8D7A6CB02CB6D25A0078753A /* VIewModel */ = {
			isa = PBXGroup;
			children = (
				8D7A6CB12CB6D2F70078753A /* HomeViewModel.swift */,
			);
			path = VIewModel;
			sourceTree = "<group>";
		};
		FC66D5A705A796EA5030E212 /* Pods */ = {
			isa = PBXGroup;
			children = (
				36BC029A88A5D8E4398D947D /* Pods-FoodOderring_FinalProject.debug.xcconfig */,
				CAE42FCF33E390B54B77FCB9 /* Pods-FoodOderring_FinalProject.release.xcconfig */,
				0A28761A6A5BE09B8D9A46A2 /* Pods-FoodOderring_FinalProject-FoodOderring_FinalProjectUITests.debug.xcconfig */,
				7362064B398DC5C54AA30F13 /* Pods-FoodOderring_FinalProject-FoodOderring_FinalProjectUITests.release.xcconfig */,
				FB43B7C3E0A91C7C3C956C7B /* Pods-FoodOderring_FinalProjectTests.debug.xcconfig */,
				096D7DD4933F3111567D6E35 /* Pods-FoodOderring_FinalProjectTests.release.xcconfig */,
			);
			path = Pods;
			sourceTree = "<group>";
		};
/* End PBXGroup section */

/* Begin PBXNativeTarget section */
		8D7A6C612CAB00A10078753A /* FoodOderring_FinalProject */ = {
			isa = PBXNativeTarget;
			buildConfigurationList = 8D7A6C862CAB00A40078753A /* Build configuration list for PBXNativeTarget "FoodOderring_FinalProject" */;
			buildPhases = (
				0463F6AA6D96233DC171E0BE /* [CP] Check Pods Manifest.lock */,
				8D7A6C5E2CAB00A10078753A /* Sources */,
				8D7A6C5F2CAB00A10078753A /* Frameworks */,
				8D7A6C602CAB00A10078753A /* Resources */,
				78A4267E44B3E1336158AF2F /* [CP] Embed Pods Frameworks */,
			);
			buildRules = (
			);
			dependencies = (
			);
			name = FoodOderring_FinalProject;
			packageProductDependencies = (
				8D9D83EE2CBB7AAF00360DF6 /* SDWebImageSwiftUI */,
			);
			productName = FoodOderring_FinalProject;
			productReference = 8D7A6C622CAB00A10078753A /* FoodOderring_FinalProject.app */;
			productType = "com.apple.product-type.application";
		};
		8D7A6C712CAB00A40078753A /* FoodOderring_FinalProjectTests */ = {
			isa = PBXNativeTarget;
			buildConfigurationList = 8D7A6C892CAB00A40078753A /* Build configuration list for PBXNativeTarget "FoodOderring_FinalProjectTests" */;
			buildPhases = (
				835F9160D49C5764CBAA267A /* [CP] Check Pods Manifest.lock */,
				8D7A6C6E2CAB00A40078753A /* Sources */,
				8D7A6C6F2CAB00A40078753A /* Frameworks */,
				8D7A6C702CAB00A40078753A /* Resources */,
			);
			buildRules = (
			);
			dependencies = (
				8D7A6C742CAB00A40078753A /* PBXTargetDependency */,
			);
			name = FoodOderring_FinalProjectTests;
			productName = FoodOderring_FinalProjectTests;
			productReference = 8D7A6C722CAB00A40078753A /* FoodOderring_FinalProjectTests.xctest */;
			productType = "com.apple.product-type.bundle.unit-test";
		};
		8D7A6C7B2CAB00A40078753A /* FoodOderring_FinalProjectUITests */ = {
			isa = PBXNativeTarget;
			buildConfigurationList = 8D7A6C8C2CAB00A40078753A /* Build configuration list for PBXNativeTarget "FoodOderring_FinalProjectUITests" */;
			buildPhases = (
				2275EAF1352A122816549F50 /* [CP] Check Pods Manifest.lock */,
				8D7A6C782CAB00A40078753A /* Sources */,
				8D7A6C792CAB00A40078753A /* Frameworks */,
				8D7A6C7A2CAB00A40078753A /* Resources */,
				E0E2BD8AAA7F55D67CE58A1C /* [CP] Embed Pods Frameworks */,
			);
			buildRules = (
			);
			dependencies = (
				8D7A6C7E2CAB00A40078753A /* PBXTargetDependency */,
			);
			name = FoodOderring_FinalProjectUITests;
			productName = FoodOderring_FinalProjectUITests;
			productReference = 8D7A6C7C2CAB00A40078753A /* FoodOderring_FinalProjectUITests.xctest */;
			productType = "com.apple.product-type.bundle.ui-testing";
		};
/* End PBXNativeTarget section */

/* Begin PBXProject section */
		8D7A6C5A2CAB00A10078753A /* Project object */ = {
			isa = PBXProject;
			attributes = {
				BuildIndependentTargetsInParallel = 1;
				LastSwiftUpdateCheck = 1540;
				LastUpgradeCheck = 1540;
				TargetAttributes = {
					8D7A6C612CAB00A10078753A = {
						CreatedOnToolsVersion = 15.4;
					};
					8D7A6C712CAB00A40078753A = {
						CreatedOnToolsVersion = 15.4;
						TestTargetID = 8D7A6C612CAB00A10078753A;
					};
					8D7A6C7B2CAB00A40078753A = {
						CreatedOnToolsVersion = 15.4;
						TestTargetID = 8D7A6C612CAB00A10078753A;
					};
				};
			};
			buildConfigurationList = 8D7A6C5D2CAB00A10078753A /* Build configuration list for PBXProject "FoodOderring_FinalProject" */;
			compatibilityVersion = "Xcode 14.0";
			developmentRegion = en;
			hasScannedForEncodings = 0;
			knownRegions = (
				en,
				Base,
			);
			mainGroup = 8D7A6C592CAB00A10078753A;
			packageReferences = (
				8D9D83ED2CBA770A00360DF6 /* XCRemoteSwiftPackageReference "SDWebImageSwiftUI" */,
				8D81C1982CE0ABB500265CDC /* XCRemoteSwiftPackageReference "firebase-ios-sdk" */,
			);
			productRefGroup = 8D7A6C632CAB00A10078753A /* Products */;
			projectDirPath = "";
			projectRoot = "";
			targets = (
				8D7A6C612CAB00A10078753A /* FoodOderring_FinalProject */,
				8D7A6C712CAB00A40078753A /* FoodOderring_FinalProjectTests */,
				8D7A6C7B2CAB00A40078753A /* FoodOderring_FinalProjectUITests */,
			);
		};
/* End PBXProject section */

/* Begin PBXResourcesBuildPhase section */
		8D7A6C602CAB00A10078753A /* Resources */ = {
			isa = PBXResourcesBuildPhase;
			buildActionMask = 2147483647;
			files = (
				8D7A6C6D2CAB00A40078753A /* Preview Assets.xcassets in Resources */,
				8D7A6C6A2CAB00A40078753A /* Assets.xcassets in Resources */,
				8D7A6CAA2CB047E00078753A /* GoogleService-Info.plist in Resources */,
			);
			runOnlyForDeploymentPostprocessing = 0;
		};
		8D7A6C702CAB00A40078753A /* Resources */ = {
			isa = PBXResourcesBuildPhase;
			buildActionMask = 2147483647;
			files = (
			);
			runOnlyForDeploymentPostprocessing = 0;
		};
		8D7A6C7A2CAB00A40078753A /* Resources */ = {
			isa = PBXResourcesBuildPhase;
			buildActionMask = 2147483647;
			files = (
			);
			runOnlyForDeploymentPostprocessing = 0;
		};
/* End PBXResourcesBuildPhase section */

/* Begin PBXShellScriptBuildPhase section */
		0463F6AA6D96233DC171E0BE /* [CP] Check Pods Manifest.lock */ = {
			isa = PBXShellScriptBuildPhase;
			buildActionMask = 2147483647;
			files = (
			);
			inputFileListPaths = (
			);
			inputPaths = (
				"${PODS_PODFILE_DIR_PATH}/Podfile.lock",
				"${PODS_ROOT}/Manifest.lock",
			);
			name = "[CP] Check Pods Manifest.lock";
			outputFileListPaths = (
			);
			outputPaths = (
				"$(DERIVED_FILE_DIR)/Pods-FoodOderring_FinalProject-checkManifestLockResult.txt",
			);
			runOnlyForDeploymentPostprocessing = 0;
			shellPath = /bin/sh;
			shellScript = "diff \"${PODS_PODFILE_DIR_PATH}/Podfile.lock\" \"${PODS_ROOT}/Manifest.lock\" > /dev/null\nif [ $? != 0 ] ; then\n    # print error to STDERR\n    echo \"error: The sandbox is not in sync with the Podfile.lock. Run 'pod install' or update your CocoaPods installation.\" >&2\n    exit 1\nfi\n# This output is used by Xcode 'outputs' to avoid re-running this script phase.\necho \"SUCCESS\" > \"${SCRIPT_OUTPUT_FILE_0}\"\n";
			showEnvVarsInLog = 0;
		};
		2275EAF1352A122816549F50 /* [CP] Check Pods Manifest.lock */ = {
			isa = PBXShellScriptBuildPhase;
			buildActionMask = 2147483647;
			files = (
			);
			inputFileListPaths = (
			);
			inputPaths = (
				"${PODS_PODFILE_DIR_PATH}/Podfile.lock",
				"${PODS_ROOT}/Manifest.lock",
			);
			name = "[CP] Check Pods Manifest.lock";
			outputFileListPaths = (
			);
			outputPaths = (
				"$(DERIVED_FILE_DIR)/Pods-FoodOderring_FinalProject-FoodOderring_FinalProjectUITests-checkManifestLockResult.txt",
			);
			runOnlyForDeploymentPostprocessing = 0;
			shellPath = /bin/sh;
			shellScript = "diff \"${PODS_PODFILE_DIR_PATH}/Podfile.lock\" \"${PODS_ROOT}/Manifest.lock\" > /dev/null\nif [ $? != 0 ] ; then\n    # print error to STDERR\n    echo \"error: The sandbox is not in sync with the Podfile.lock. Run 'pod install' or update your CocoaPods installation.\" >&2\n    exit 1\nfi\n# This output is used by Xcode 'outputs' to avoid re-running this script phase.\necho \"SUCCESS\" > \"${SCRIPT_OUTPUT_FILE_0}\"\n";
			showEnvVarsInLog = 0;
		};
		78A4267E44B3E1336158AF2F /* [CP] Embed Pods Frameworks */ = {
			isa = PBXShellScriptBuildPhase;
			buildActionMask = 2147483647;
			files = (
			);
			inputFileListPaths = (
				"${PODS_ROOT}/Target Support Files/Pods-FoodOderring_FinalProject/Pods-FoodOderring_FinalProject-frameworks-${CONFIGURATION}-input-files.xcfilelist",
			);
			name = "[CP] Embed Pods Frameworks";
			outputFileListPaths = (
				"${PODS_ROOT}/Target Support Files/Pods-FoodOderring_FinalProject/Pods-FoodOderring_FinalProject-frameworks-${CONFIGURATION}-output-files.xcfilelist",
			);
			runOnlyForDeploymentPostprocessing = 0;
			shellPath = /bin/sh;
			shellScript = "\"${PODS_ROOT}/Target Support Files/Pods-FoodOderring_FinalProject/Pods-FoodOderring_FinalProject-frameworks.sh\"\n";
			showEnvVarsInLog = 0;
		};
		835F9160D49C5764CBAA267A /* [CP] Check Pods Manifest.lock */ = {
			isa = PBXShellScriptBuildPhase;
			buildActionMask = 2147483647;
			files = (
			);
			inputFileListPaths = (
			);
			inputPaths = (
				"${PODS_PODFILE_DIR_PATH}/Podfile.lock",
				"${PODS_ROOT}/Manifest.lock",
			);
			name = "[CP] Check Pods Manifest.lock";
			outputFileListPaths = (
			);
			outputPaths = (
				"$(DERIVED_FILE_DIR)/Pods-FoodOderring_FinalProjectTests-checkManifestLockResult.txt",
			);
			runOnlyForDeploymentPostprocessing = 0;
			shellPath = /bin/sh;
			shellScript = "diff \"${PODS_PODFILE_DIR_PATH}/Podfile.lock\" \"${PODS_ROOT}/Manifest.lock\" > /dev/null\nif [ $? != 0 ] ; then\n    # print error to STDERR\n    echo \"error: The sandbox is not in sync with the Podfile.lock. Run 'pod install' or update your CocoaPods installation.\" >&2\n    exit 1\nfi\n# This output is used by Xcode 'outputs' to avoid re-running this script phase.\necho \"SUCCESS\" > \"${SCRIPT_OUTPUT_FILE_0}\"\n";
			showEnvVarsInLog = 0;
		};
		E0E2BD8AAA7F55D67CE58A1C /* [CP] Embed Pods Frameworks */ = {
			isa = PBXShellScriptBuildPhase;
			buildActionMask = 2147483647;
			files = (
			);
			inputFileListPaths = (
				"${PODS_ROOT}/Target Support Files/Pods-FoodOderring_FinalProject-FoodOderring_FinalProjectUITests/Pods-FoodOderring_FinalProject-FoodOderring_FinalProjectUITests-frameworks-${CONFIGURATION}-input-files.xcfilelist",
			);
			name = "[CP] Embed Pods Frameworks";
			outputFileListPaths = (
				"${PODS_ROOT}/Target Support Files/Pods-FoodOderring_FinalProject-FoodOderring_FinalProjectUITests/Pods-FoodOderring_FinalProject-FoodOderring_FinalProjectUITests-frameworks-${CONFIGURATION}-output-files.xcfilelist",
			);
			runOnlyForDeploymentPostprocessing = 0;
			shellPath = /bin/sh;
			shellScript = "\"${PODS_ROOT}/Target Support Files/Pods-FoodOderring_FinalProject-FoodOderring_FinalProjectUITests/Pods-FoodOderring_FinalProject-FoodOderring_FinalProjectUITests-frameworks.sh\"\n";
			showEnvVarsInLog = 0;
		};
/* End PBXShellScriptBuildPhase section */

/* Begin PBXSourcesBuildPhase section */
		8D7A6C5E2CAB00A10078753A /* Sources */ = {
			isa = PBXSourcesBuildPhase;
			buildActionMask = 2147483647;
			files = (
				8D7A6CA02CABFA1C0078753A /* Login.swift in Sources */,
				8D7A6C992CABE22A0078753A /* WelcomeSlider.swift in Sources */,
				8D9D83E62CB8268000360DF6 /* ErrView.swift in Sources */,
				8D7A6C972CABE01E0078753A /* Color + Utilities.swift in Sources */,
				8D81C1932CDCBAD200265CDC /* TrackingScreen.swift in Sources */,
				8D7A6CB22CB6D2F70078753A /* HomeViewModel.swift in Sources */,
				8D7A6C9C2CABE7E90078753A /* WelcomeShape.swift in Sources */,
				8D9D83E82CB901BE00360DF6 /* Menu.swift in Sources */,
				8D9D84112CBBBFBB00360DF6 /* ContentView.swift in Sources */,
				8D9D83F12CBB8FBC00360DF6 /* Cart.swift in Sources */,
				8D9D83EA2CBA6E3C00360DF6 /* Item.swift in Sources */,
				8D7A6CAC2CB277930078753A /* Home.swift in Sources */,
				8D7A6C952CABDF2C0078753A /* UIScreen + Utilities.swift in Sources */,
				8D7A6CA22CAC4F3C0078753A /* SignUp.swift in Sources */,
				8D9D83EC2CBA763700360DF6 /* ItemView.swift in Sources */,
				8D7A6C932CAB0AA10078753A /* WelcomeView.swift in Sources */,
				8D9D83F32CBB949000360DF6 /* CartView.swift in Sources */,
				8D81C1972CE09BCB00265CDC /* ShipperLocation.swift in Sources */,
				8D7A6C662CAB00A10078753A /* FoodOderring_FinalProjectApp.swift in Sources */,
			);
			runOnlyForDeploymentPostprocessing = 0;
		};
		8D7A6C6E2CAB00A40078753A /* Sources */ = {
			isa = PBXSourcesBuildPhase;
			buildActionMask = 2147483647;
			files = (
				8D7A6C772CAB00A40078753A /* FoodOderring_FinalProjectTests.swift in Sources */,
			);
			runOnlyForDeploymentPostprocessing = 0;
		};
		8D7A6C782CAB00A40078753A /* Sources */ = {
			isa = PBXSourcesBuildPhase;
			buildActionMask = 2147483647;
			files = (
				8D7A6C812CAB00A40078753A /* FoodOderring_FinalProjectUITests.swift in Sources */,
				8D7A6C832CAB00A40078753A /* FoodOderring_FinalProjectUITestsLaunchTests.swift in Sources */,
			);
			runOnlyForDeploymentPostprocessing = 0;
		};
/* End PBXSourcesBuildPhase section */

/* Begin PBXTargetDependency section */
		8D7A6C742CAB00A40078753A /* PBXTargetDependency */ = {
			isa = PBXTargetDependency;
			target = 8D7A6C612CAB00A10078753A /* FoodOderring_FinalProject */;
			targetProxy = 8D7A6C732CAB00A40078753A /* PBXContainerItemProxy */;
		};
		8D7A6C7E2CAB00A40078753A /* PBXTargetDependency */ = {
			isa = PBXTargetDependency;
			target = 8D7A6C612CAB00A10078753A /* FoodOderring_FinalProject */;
			targetProxy = 8D7A6C7D2CAB00A40078753A /* PBXContainerItemProxy */;
		};
/* End PBXTargetDependency section */

/* Begin XCBuildConfiguration section */
		8D7A6C842CAB00A40078753A /* Debug */ = {
			isa = XCBuildConfiguration;
			buildSettings = {
				ALWAYS_SEARCH_USER_PATHS = NO;
				ASSETCATALOG_COMPILER_GENERATE_SWIFT_ASSET_SYMBOL_EXTENSIONS = YES;
				CLANG_ANALYZER_NONNULL = YES;
				CLANG_ANALYZER_NUMBER_OBJECT_CONVERSION = YES_AGGRESSIVE;
				CLANG_CXX_LANGUAGE_STANDARD = "gnu++20";
				CLANG_ENABLE_MODULES = YES;
				CLANG_ENABLE_OBJC_ARC = YES;
				CLANG_ENABLE_OBJC_WEAK = YES;
				CLANG_WARN_BLOCK_CAPTURE_AUTORELEASING = YES;
				CLANG_WARN_BOOL_CONVERSION = YES;
				CLANG_WARN_COMMA = YES;
				CLANG_WARN_CONSTANT_CONVERSION = YES;
				CLANG_WARN_DEPRECATED_OBJC_IMPLEMENTATIONS = YES;
				CLANG_WARN_DIRECT_OBJC_ISA_USAGE = YES_ERROR;
				CLANG_WARN_DOCUMENTATION_COMMENTS = YES;
				CLANG_WARN_EMPTY_BODY = YES;
				CLANG_WARN_ENUM_CONVERSION = YES;
				CLANG_WARN_INFINITE_RECURSION = YES;
				CLANG_WARN_INT_CONVERSION = YES;
				CLANG_WARN_NON_LITERAL_NULL_CONVERSION = YES;
				CLANG_WARN_OBJC_IMPLICIT_RETAIN_SELF = YES;
				CLANG_WARN_OBJC_LITERAL_CONVERSION = YES;
				CLANG_WARN_OBJC_ROOT_CLASS = YES_ERROR;
				CLANG_WARN_QUOTED_INCLUDE_IN_FRAMEWORK_HEADER = YES;
				CLANG_WARN_RANGE_LOOP_ANALYSIS = YES;
				CLANG_WARN_STRICT_PROTOTYPES = YES;
				CLANG_WARN_SUSPICIOUS_MOVE = YES;
				CLANG_WARN_UNGUARDED_AVAILABILITY = YES_AGGRESSIVE;
				CLANG_WARN_UNREACHABLE_CODE = YES;
				CLANG_WARN__DUPLICATE_METHOD_MATCH = YES;
				COPY_PHASE_STRIP = NO;
				DEBUG_INFORMATION_FORMAT = dwarf;
				ENABLE_STRICT_OBJC_MSGSEND = YES;
				ENABLE_TESTABILITY = YES;
				ENABLE_USER_SCRIPT_SANDBOXING = NO;
				GCC_C_LANGUAGE_STANDARD = gnu17;
				GCC_DYNAMIC_NO_PIC = NO;
				GCC_NO_COMMON_BLOCKS = YES;
				GCC_OPTIMIZATION_LEVEL = 0;
				GCC_PREPROCESSOR_DEFINITIONS = (
					"DEBUG=1",
					"$(inherited)",
				);
				GCC_WARN_64_TO_32_BIT_CONVERSION = YES;
				GCC_WARN_ABOUT_RETURN_TYPE = YES_ERROR;
				GCC_WARN_UNDECLARED_SELECTOR = YES;
				GCC_WARN_UNINITIALIZED_AUTOS = YES_AGGRESSIVE;
				GCC_WARN_UNUSED_FUNCTION = YES;
				GCC_WARN_UNUSED_VARIABLE = YES;
				IPHONEOS_DEPLOYMENT_TARGET = 17.5;
				LOCALIZATION_PREFERS_STRING_CATALOGS = YES;
				MTL_ENABLE_DEBUG_INFO = INCLUDE_SOURCE;
				MTL_FAST_MATH = YES;
				ONLY_ACTIVE_ARCH = YES;
				SDKROOT = iphoneos;
				SWIFT_ACTIVE_COMPILATION_CONDITIONS = "DEBUG $(inherited)";
				SWIFT_OPTIMIZATION_LEVEL = "-Onone";
			};
			name = Debug;
		};
		8D7A6C852CAB00A40078753A /* Release */ = {
			isa = XCBuildConfiguration;
			buildSettings = {
				ALWAYS_SEARCH_USER_PATHS = NO;
				ASSETCATALOG_COMPILER_GENERATE_SWIFT_ASSET_SYMBOL_EXTENSIONS = YES;
				CLANG_ANALYZER_NONNULL = YES;
				CLANG_ANALYZER_NUMBER_OBJECT_CONVERSION = YES_AGGRESSIVE;
				CLANG_CXX_LANGUAGE_STANDARD = "gnu++20";
				CLANG_ENABLE_MODULES = YES;
				CLANG_ENABLE_OBJC_ARC = YES;
				CLANG_ENABLE_OBJC_WEAK = YES;
				CLANG_WARN_BLOCK_CAPTURE_AUTORELEASING = YES;
				CLANG_WARN_BOOL_CONVERSION = YES;
				CLANG_WARN_COMMA = YES;
				CLANG_WARN_CONSTANT_CONVERSION = YES;
				CLANG_WARN_DEPRECATED_OBJC_IMPLEMENTATIONS = YES;
				CLANG_WARN_DIRECT_OBJC_ISA_USAGE = YES_ERROR;
				CLANG_WARN_DOCUMENTATION_COMMENTS = YES;
				CLANG_WARN_EMPTY_BODY = YES;
				CLANG_WARN_ENUM_CONVERSION = YES;
				CLANG_WARN_INFINITE_RECURSION = YES;
				CLANG_WARN_INT_CONVERSION = YES;
				CLANG_WARN_NON_LITERAL_NULL_CONVERSION = YES;
				CLANG_WARN_OBJC_IMPLICIT_RETAIN_SELF = YES;
				CLANG_WARN_OBJC_LITERAL_CONVERSION = YES;
				CLANG_WARN_OBJC_ROOT_CLASS = YES_ERROR;
				CLANG_WARN_QUOTED_INCLUDE_IN_FRAMEWORK_HEADER = YES;
				CLANG_WARN_RANGE_LOOP_ANALYSIS = YES;
				CLANG_WARN_STRICT_PROTOTYPES = YES;
				CLANG_WARN_SUSPICIOUS_MOVE = YES;
				CLANG_WARN_UNGUARDED_AVAILABILITY = YES_AGGRESSIVE;
				CLANG_WARN_UNREACHABLE_CODE = YES;
				CLANG_WARN__DUPLICATE_METHOD_MATCH = YES;
				COPY_PHASE_STRIP = NO;
				DEBUG_INFORMATION_FORMAT = "dwarf-with-dsym";
				ENABLE_NS_ASSERTIONS = NO;
				ENABLE_STRICT_OBJC_MSGSEND = YES;
				ENABLE_USER_SCRIPT_SANDBOXING = NO;
				GCC_C_LANGUAGE_STANDARD = gnu17;
				GCC_NO_COMMON_BLOCKS = YES;
				GCC_WARN_64_TO_32_BIT_CONVERSION = YES;
				GCC_WARN_ABOUT_RETURN_TYPE = YES_ERROR;
				GCC_WARN_UNDECLARED_SELECTOR = YES;
				GCC_WARN_UNINITIALIZED_AUTOS = YES_AGGRESSIVE;
				GCC_WARN_UNUSED_FUNCTION = YES;
				GCC_WARN_UNUSED_VARIABLE = YES;
				IPHONEOS_DEPLOYMENT_TARGET = 17.5;
				LOCALIZATION_PREFERS_STRING_CATALOGS = YES;
				MTL_ENABLE_DEBUG_INFO = NO;
				MTL_FAST_MATH = YES;
				SDKROOT = iphoneos;
				SWIFT_COMPILATION_MODE = wholemodule;
				VALIDATE_PRODUCT = YES;
			};
			name = Release;
		};
		8D7A6C872CAB00A40078753A /* Debug */ = {
			isa = XCBuildConfiguration;
			baseConfigurationReference = 36BC029A88A5D8E4398D947D /* Pods-FoodOderring_FinalProject.debug.xcconfig */;
			buildSettings = {
				ASSETCATALOG_COMPILER_APPICON_NAME = AppIcon;
				ASSETCATALOG_COMPILER_GLOBAL_ACCENT_COLOR_NAME = AccentColor;
				CODE_SIGN_STYLE = Automatic;
				CURRENT_PROJECT_VERSION = 1;
				DEVELOPMENT_ASSET_PATHS = "\"FoodOderring_FinalProject/Preview Content\"";
				DEVELOPMENT_TEAM = F568ZVQ6JJ;
				ENABLE_PREVIEWS = YES;
				GENERATE_INFOPLIST_FILE = YES;
				INFOPLIST_FILE = "FoodOderring-FinalProject-Info.plist";
				INFOPLIST_KEY_UIApplicationSceneManifest_Generation = YES;
				INFOPLIST_KEY_UIApplicationSupportsIndirectInputEvents = YES;
				INFOPLIST_KEY_UILaunchScreen_Generation = YES;
				INFOPLIST_KEY_UISupportedInterfaceOrientations_iPad = "UIInterfaceOrientationPortrait UIInterfaceOrientationPortraitUpsideDown UIInterfaceOrientationLandscapeLeft UIInterfaceOrientationLandscapeRight";
				INFOPLIST_KEY_UISupportedInterfaceOrientations_iPhone = "UIInterfaceOrientationPortrait UIInterfaceOrientationLandscapeLeft UIInterfaceOrientationLandscapeRight";
				LD_RUNPATH_SEARCH_PATHS = (
					"$(inherited)",
					"@executable_path/Frameworks",
				);
				MARKETING_VERSION = 1.0;
				PRODUCT_BUNDLE_IDENTIFIER = "TT.FoodOderring-FinalProject";
				PRODUCT_NAME = "$(TARGET_NAME)";
				SWIFT_EMIT_LOC_STRINGS = YES;
				SWIFT_VERSION = 5.0;
				TARGETED_DEVICE_FAMILY = "1,2";
			};
			name = Debug;
		};
		8D7A6C882CAB00A40078753A /* Release */ = {
			isa = XCBuildConfiguration;
			baseConfigurationReference = CAE42FCF33E390B54B77FCB9 /* Pods-FoodOderring_FinalProject.release.xcconfig */;
			buildSettings = {
				ASSETCATALOG_COMPILER_APPICON_NAME = AppIcon;
				ASSETCATALOG_COMPILER_GLOBAL_ACCENT_COLOR_NAME = AccentColor;
				CODE_SIGN_STYLE = Automatic;
				CURRENT_PROJECT_VERSION = 1;
				DEVELOPMENT_ASSET_PATHS = "\"FoodOderring_FinalProject/Preview Content\"";
				DEVELOPMENT_TEAM = F568ZVQ6JJ;
				ENABLE_PREVIEWS = YES;
				GENERATE_INFOPLIST_FILE = YES;
				INFOPLIST_FILE = "FoodOderring-FinalProject-Info.plist";
				INFOPLIST_KEY_UIApplicationSceneManifest_Generation = YES;
				INFOPLIST_KEY_UIApplicationSupportsIndirectInputEvents = YES;
				INFOPLIST_KEY_UILaunchScreen_Generation = YES;
				INFOPLIST_KEY_UISupportedInterfaceOrientations_iPad = "UIInterfaceOrientationPortrait UIInterfaceOrientationPortraitUpsideDown UIInterfaceOrientationLandscapeLeft UIInterfaceOrientationLandscapeRight";
				INFOPLIST_KEY_UISupportedInterfaceOrientations_iPhone = "UIInterfaceOrientationPortrait UIInterfaceOrientationLandscapeLeft UIInterfaceOrientationLandscapeRight";
				LD_RUNPATH_SEARCH_PATHS = (
					"$(inherited)",
					"@executable_path/Frameworks",
				);
				MARKETING_VERSION = 1.0;
				PRODUCT_BUNDLE_IDENTIFIER = "TT.FoodOderring-FinalProject";
				PRODUCT_NAME = "$(TARGET_NAME)";
				SWIFT_EMIT_LOC_STRINGS = YES;
				SWIFT_VERSION = 5.0;
				TARGETED_DEVICE_FAMILY = "1,2";
			};
			name = Release;
		};
		8D7A6C8A2CAB00A40078753A /* Debug */ = {
			isa = XCBuildConfiguration;
			baseConfigurationReference = FB43B7C3E0A91C7C3C956C7B /* Pods-FoodOderring_FinalProjectTests.debug.xcconfig */;
			buildSettings = {
				ALWAYS_EMBED_SWIFT_STANDARD_LIBRARIES = YES;
				BUNDLE_LOADER = "$(TEST_HOST)";
				CODE_SIGN_STYLE = Automatic;
				CURRENT_PROJECT_VERSION = 1;
				DEVELOPMENT_TEAM = F568ZVQ6JJ;
				GENERATE_INFOPLIST_FILE = YES;
				IPHONEOS_DEPLOYMENT_TARGET = 17.5;
				MARKETING_VERSION = 1.0;
				PRODUCT_BUNDLE_IDENTIFIER = "TT.FoodOderring-FinalProjectTests";
				PRODUCT_NAME = "$(TARGET_NAME)";
				SWIFT_EMIT_LOC_STRINGS = NO;
				SWIFT_VERSION = 5.0;
				TARGETED_DEVICE_FAMILY = "1,2";
				TEST_HOST = "$(BUILT_PRODUCTS_DIR)/FoodOderring_FinalProject.app/$(BUNDLE_EXECUTABLE_FOLDER_PATH)/FoodOderring_FinalProject";
			};
			name = Debug;
		};
		8D7A6C8B2CAB00A40078753A /* Release */ = {
			isa = XCBuildConfiguration;
			baseConfigurationReference = 096D7DD4933F3111567D6E35 /* Pods-FoodOderring_FinalProjectTests.release.xcconfig */;
			buildSettings = {
				ALWAYS_EMBED_SWIFT_STANDARD_LIBRARIES = YES;
				BUNDLE_LOADER = "$(TEST_HOST)";
				CODE_SIGN_STYLE = Automatic;
				CURRENT_PROJECT_VERSION = 1;
				DEVELOPMENT_TEAM = F568ZVQ6JJ;
				GENERATE_INFOPLIST_FILE = YES;
				IPHONEOS_DEPLOYMENT_TARGET = 17.5;
				MARKETING_VERSION = 1.0;
				PRODUCT_BUNDLE_IDENTIFIER = "TT.FoodOderring-FinalProjectTests";
				PRODUCT_NAME = "$(TARGET_NAME)";
				SWIFT_EMIT_LOC_STRINGS = NO;
				SWIFT_VERSION = 5.0;
				TARGETED_DEVICE_FAMILY = "1,2";
				TEST_HOST = "$(BUILT_PRODUCTS_DIR)/FoodOderring_FinalProject.app/$(BUNDLE_EXECUTABLE_FOLDER_PATH)/FoodOderring_FinalProject";
			};
			name = Release;
		};
		8D7A6C8D2CAB00A40078753A /* Debug */ = {
			isa = XCBuildConfiguration;
			baseConfigurationReference = 0A28761A6A5BE09B8D9A46A2 /* Pods-FoodOderring_FinalProject-FoodOderring_FinalProjectUITests.debug.xcconfig */;
			buildSettings = {
				ALWAYS_EMBED_SWIFT_STANDARD_LIBRARIES = YES;
				CODE_SIGN_STYLE = Automatic;
				CURRENT_PROJECT_VERSION = 1;
				DEVELOPMENT_TEAM = F568ZVQ6JJ;
				GENERATE_INFOPLIST_FILE = YES;
				MARKETING_VERSION = 1.0;
				PRODUCT_BUNDLE_IDENTIFIER = "TT.FoodOderring-FinalProjectUITests";
				PRODUCT_NAME = "$(TARGET_NAME)";
				SWIFT_EMIT_LOC_STRINGS = NO;
				SWIFT_VERSION = 5.0;
				TARGETED_DEVICE_FAMILY = "1,2";
				TEST_TARGET_NAME = FoodOderring_FinalProject;
			};
			name = Debug;
		};
		8D7A6C8E2CAB00A40078753A /* Release */ = {
			isa = XCBuildConfiguration;
			baseConfigurationReference = 7362064B398DC5C54AA30F13 /* Pods-FoodOderring_FinalProject-FoodOderring_FinalProjectUITests.release.xcconfig */;
			buildSettings = {
				ALWAYS_EMBED_SWIFT_STANDARD_LIBRARIES = YES;
				CODE_SIGN_STYLE = Automatic;
				CURRENT_PROJECT_VERSION = 1;
				DEVELOPMENT_TEAM = F568ZVQ6JJ;
				GENERATE_INFOPLIST_FILE = YES;
				MARKETING_VERSION = 1.0;
				PRODUCT_BUNDLE_IDENTIFIER = "TT.FoodOderring-FinalProjectUITests";
				PRODUCT_NAME = "$(TARGET_NAME)";
				SWIFT_EMIT_LOC_STRINGS = NO;
				SWIFT_VERSION = 5.0;
				TARGETED_DEVICE_FAMILY = "1,2";
				TEST_TARGET_NAME = FoodOderring_FinalProject;
			};
			name = Release;
		};
/* End XCBuildConfiguration section */

/* Begin XCConfigurationList section */
		8D7A6C5D2CAB00A10078753A /* Build configuration list for PBXProject "FoodOderring_FinalProject" */ = {
			isa = XCConfigurationList;
			buildConfigurations = (
				8D7A6C842CAB00A40078753A /* Debug */,
				8D7A6C852CAB00A40078753A /* Release */,
			);
			defaultConfigurationIsVisible = 0;
			defaultConfigurationName = Release;
		};
		8D7A6C862CAB00A40078753A /* Build configuration list for PBXNativeTarget "FoodOderring_FinalProject" */ = {
			isa = XCConfigurationList;
			buildConfigurations = (
				8D7A6C872CAB00A40078753A /* Debug */,
				8D7A6C882CAB00A40078753A /* Release */,
			);
			defaultConfigurationIsVisible = 0;
			defaultConfigurationName = Release;
		};
		8D7A6C892CAB00A40078753A /* Build configuration list for PBXNativeTarget "FoodOderring_FinalProjectTests" */ = {
			isa = XCConfigurationList;
			buildConfigurations = (
				8D7A6C8A2CAB00A40078753A /* Debug */,
				8D7A6C8B2CAB00A40078753A /* Release */,
			);
			defaultConfigurationIsVisible = 0;
			defaultConfigurationName = Release;
		};
		8D7A6C8C2CAB00A40078753A /* Build configuration list for PBXNativeTarget "FoodOderring_FinalProjectUITests" */ = {
			isa = XCConfigurationList;
			buildConfigurations = (
				8D7A6C8D2CAB00A40078753A /* Debug */,
				8D7A6C8E2CAB00A40078753A /* Release */,
			);
			defaultConfigurationIsVisible = 0;
			defaultConfigurationName = Release;
		};
/* End XCConfigurationList section */

/* Begin XCRemoteSwiftPackageReference section */
		8D81C1982CE0ABB500265CDC /* XCRemoteSwiftPackageReference "firebase-ios-sdk" */ = {
			isa = XCRemoteSwiftPackageReference;
			repositoryURL = "https://github.com/firebase/firebase-ios-sdk.git";
			requirement = {
				kind = upToNextMajorVersion;
				minimumVersion = 11.4.0;
			};
		};
		8D9D83ED2CBA770A00360DF6 /* XCRemoteSwiftPackageReference "SDWebImageSwiftUI" */ = {
			isa = XCRemoteSwiftPackageReference;
			repositoryURL = "https://github.com/SDWebImage/SDWebImageSwiftUI.git";
			requirement = {
				kind = upToNextMajorVersion;
				minimumVersion = 3.1.2;
			};
		};
/* End XCRemoteSwiftPackageReference section */

/* Begin XCSwiftPackageProductDependency section */
		8D9D83EE2CBB7AAF00360DF6 /* SDWebImageSwiftUI */ = {
			isa = XCSwiftPackageProductDependency;
			package = 8D9D83ED2CBA770A00360DF6 /* XCRemoteSwiftPackageReference "SDWebImageSwiftUI" */;
			productName = SDWebImageSwiftUI;
		};
/* End XCSwiftPackageProductDependency section */
	};
	rootObject = 8D7A6C5A2CAB00A10078753A /* Project object */;
}
